
Microsoft Visual Studio Solution File, Format Version 12.00
# Visual Studio Version 16
VisualStudioVersion = 16.0.30717.126
MinimumVisualStudioVersion = 10.0.40219.1
Project("{FAE04EC0-301F-11D3-BF4B-00C04F79EFBC}") = "MiniConsole", "MiniConsole.csproj", "{8D8EA29B-D75E-4C7E-BD9B-D36A2B97B5FB}"
EndProject
Global
	GlobalSection(SolutionConfigurationPlatforms) = preSolution
		Debug|Any CPU = Debug|Any CPU
		Release|Any CPU = Release|Any CPU
	EndGlobalSection
	GlobalSection(ProjectConfigurationPlatforms) = postSolution
		{8D8EA29B-D75E-4C7E-BD9B-D36A2B97B5FB}.Debug|Any CPU.ActiveCfg = Debug|Any CPU
		{8D8EA29B-D75E-4C7E-BD9B-D36A2B97B5FB}.Debug|Any CPU.Build.0 = Debug|Any CPU
		{8D8EA29B-D75E-4C7E-BD9B-D36A2B97B5FB}.Release|Any CPU.ActiveCfg = Release|Any CPU
		{8D8EA29B-D75E-4C7E-BD9B-D36A2B97B5FB}.Release|Any CPU.Build.0 = Release|Any CPU
	EndGlobalSection
	GlobalSection(SolutionProperties) = preSolution
		HideSolutionNode = FALSE
	EndGlobalSection
	GlobalSection(ExtensibilityGlobals) = postSolution
		SolutionGuid = {456BFA09-F50B-476D-BAD6-E315418F8C09}
	EndGlobalSection
EndGlobal
